# THIS IS AN AUTOGENERATED FILE. DO NOT EDIT THIS FILE DIRECTLY.
# yarn lockfile v1


commander@^9.0.0:
  version "9.2.0"
  resolved "https://registry.yarnpkg.com/commander/-/commander-9.2.0.tgz#6e21014b2ed90d8b7c9647230d8b7a94a4a419a9"
  integrity sha512-e2i4wANQiSXgnrBlIatyHtP1odfUp0BbV5Y5nEGbxtIrStkEOAAzCUirvLBNXHLr7kwLvJl6V+4V3XV9x7Wd9w==

normalize.css@^8.0.1:
  version "8.0.1"
  resolved "https://registry.yarnpkg.com/normalize.css/-/normalize.css-8.0.1.tgz#9b98a208738b9cc2634caacbc42d131c97487bf3"
  integrity sha512-qizSNPO93t1YUuUhP22btGOo3chcvDFqFaj2TRybP0DMxkHOCTYwp3n34fel4a31ORXy4m1Xq0Gyqpb5m33qIg==

showdown@^2.1.0:
  version "2.1.0"
  resolved "https://registry.yarnpkg.com/showdown/-/showdown-2.1.0.tgz#1251f5ed8f773f0c0c7bfc8e6fd23581f9e545c5"
  integrity sha512-/6NVYu4U819R2pUIk79n67SYgJHWCce0a5xTP979WbNp0FL9MN1I1QK662IDU1b6JzKTvmhgI7T7JYIxBi3kMQ==
  dependencies:
    commander "^9.0.0"
